
Microsoft Visual Studio Solution File, Format Version 10.00
# Visual Studio 2008
Project("{8BC9CEB8-8B4A-11D0-8D11-00A0C91BC942}") = "DynamicLibrary1", "DynamicLibrary1\DynamicLibrary1.vcproj", "{C0D48925-E6D3-437F-998A-CF273343D19D}"
EndProject
Project("{8BC9CEB8-8B4A-11D0-8D11-00A0C91BC942}") = "exe", "exe\exe.vcproj", "{6CDEEA3F-06D6-4B6B-9A26-DAB2B7A1FEA6}"
EndProject
Global
	GlobalSection(SolutionConfigurationPlatforms) = preSolution
		Debug|Win32 = Debug|Win32
		Release|Win32 = Release|Win32
	EndGlobalSection
	GlobalSection(ProjectConfigurationPlatforms) = postSolution
		{C0D48925-E6D3-437F-998A-CF273343D19D}.Debug|Win32.ActiveCfg = Debug|Win32
		{C0D48925-E6D3-437F-998A-CF273343D19D}.Debug|Win32.Build.0 = Debug|Win32
		{C0D48925-E6D3-437F-998A-CF273343D19D}.Release|Win32.ActiveCfg = Release|Win32
		{C0D48925-E6D3-437F-998A-CF273343D19D}.Release|Win32.Build.0 = Release|Win32
		{6CDEEA3F-06D6-4B6B-9A26-DAB2B7A1FEA6}.Debug|Win32.ActiveCfg = Debug|Win32
		{6CDEEA3F-06D6-4B6B-9A26-DAB2B7A1FEA6}.Debug|Win32.Build.0 = Debug|Win32
		{6CDEEA3F-06D6-4B6B-9A26-DAB2B7A1FEA6}.Release|Win32.ActiveCfg = Release|Win32
		{6CDEEA3F-06D6-4B6B-9A26-DAB2B7A1FEA6}.Release|Win32.Build.0 = Release|Win32
	EndGlobalSection
	GlobalSection(SolutionProperties) = preSolution
		HideSolutionNode = FALSE
	EndGlobalSection
EndGlobal
